
Microsoft Visual Studio Solution File, Format Version 12.00
# Visual Studio Version 16
VisualStudioVersion = 16.0.32510.428
MinimumVisualStudioVersion = 10.0.40219.1
Project("{FAE04EC0-301F-11D3-BF4B-00C04F79EFBC}") = "WebApplicationResto", "WebApplicationResto\WebApplicationResto.csproj", "{E1F806EE-C6AE-456D-B8CB-0B233D105DB9}"
EndProject
Global
	GlobalSection(SolutionConfigurationPlatforms) = preSolution
		Debug|Any CPU = Debug|Any CPU
		Release|Any CPU = Release|Any CPU
	EndGlobalSection
	GlobalSection(ProjectConfigurationPlatforms) = postSolution
		{E1F806EE-C6AE-456D-B8CB-0B233D105DB9}.Debug|Any CPU.ActiveCfg = Debug|Any CPU
		{E1F806EE-C6AE-456D-B8CB-0B233D105DB9}.Debug|Any CPU.Build.0 = Debug|Any CPU
		{E1F806EE-C6AE-456D-B8CB-0B233D105DB9}.Release|Any CPU.ActiveCfg = Release|Any CPU
		{E1F806EE-C6AE-456D-B8CB-0B233D105DB9}.Release|Any CPU.Build.0 = Release|Any CPU
	EndGlobalSection
	GlobalSection(SolutionProperties) = preSolution
		HideSolutionNode = FALSE
	EndGlobalSection
	GlobalSection(ExtensibilityGlobals) = postSolution
		SolutionGuid = {0206CC4D-1C1D-463E-AC6C-C4A629B004CE}
	EndGlobalSection
EndGlobal
